
Microsoft Visual Studio Solution File, Format Version 12.00
# Visual Studio Version 17
VisualStudioVersion = 17.7.34024.191
MinimumVisualStudioVersion = 10.0.40219.1
Project("{FAE04EC0-301F-11D3-BF4B-00C04F79EFBC}") = "BT2", "BT2\BT2.csproj", "{FAF6FD03-261B-42CD-9EBE-C666D63885E5}"
EndProject
Global
	GlobalSection(SolutionConfigurationPlatforms) = preSolution
		Debug|Any CPU = Debug|Any CPU
		Release|Any CPU = Release|Any CPU
	EndGlobalSection
	GlobalSection(ProjectConfigurationPlatforms) = postSolution
		{FAF6FD03-261B-42CD-9EBE-C666D63885E5}.Debug|Any CPU.ActiveCfg = Debug|Any CPU
		{FAF6FD03-261B-42CD-9EBE-C666D63885E5}.Debug|Any CPU.Build.0 = Debug|Any CPU
		{FAF6FD03-261B-42CD-9EBE-C666D63885E5}.Release|Any CPU.ActiveCfg = Release|Any CPU
		{FAF6FD03-261B-42CD-9EBE-C666D63885E5}.Release|Any CPU.Build.0 = Release|Any CPU
	EndGlobalSection
	GlobalSection(SolutionProperties) = preSolution
		HideSolutionNode = FALSE
	EndGlobalSection
	GlobalSection(ExtensibilityGlobals) = postSolution
		SolutionGuid = {570C9932-1280-4936-86D9-FB45CC383270}
	EndGlobalSection
EndGlobal
